{
    "_readme": [
        "This file locks the dependencies of your project to a known state",
        "Read more about it at https://getcomposer.org/doc/01-basic-usage.md#installing-dependencies",
        "This file is @generated automatically"
    ],
    "content-hash": "3e834cb34de680fa519351e6782fedd7",
    "packages": [
        {
            "name": "mongdch/mon-util",
            "version": "1.3.2",
            "source": {
                "type": "git",
                "url": "https://github.com/MonGDCH/mon-util.git",
                "reference": "8495104332a7d4d73b2fc21bb1ad51bb3314e3cb"
            },
            "dist": {
                "type": "zip",
                "url": "https://api.github.com/repos/MonGDCH/mon-util/zipball/8495104332a7d4d73b2fc21bb1ad51bb3314e3cb",
                "reference": "8495104332a7d4d73b2fc21bb1ad51bb3314e3cb",
                "shasum": ""
            },
            "require": {
                "php": ">=5.6.0"
            },
            "type": "library",
            "autoload": {
                "psr-4": {
                    "mon\\util\\": "src/"
                },
                "files": [
                    "src/functions.php"
                ]
            },
            "notification-url": "https://packagist.org/downloads/",
            "license": [
                "Apache-2.0"
            ],
            "authors": [
                {
                    "name": "MonGDCH",
                    "email": "985558837@qq.com"
                }
            ],
            "description": "常用的PHP工具类、方法包，包含了各种各式各样的工具，如：容器、时间、验证器、多语言、图片、二维码、IP地址、文件上传、文件操作、加解密、数据字典、各种算法等等等等。。。",
            "homepage": "http://www.gdmon.com",
            "keywords": [
                "container",
                "date",
                "file",
                "iplocation",
                "lang",
                "php",
                "qrcode",
                "tree",
                "upload",
                "util",
                "validate",
                "工具"
            ],
            "support": {
                "issues": "https://github.com/MonGDCH/mon-util/issues",
                "source": "https://github.com/MonGDCH/mon-util/tree/1.3.2"
            },
            "time": "2021-04-26T14:17:10+00:00"
        }
    ],
    "packages-dev": [],
    "aliases": [],
    "minimum-stability": "stable",
    "stability-flags": [],
    "prefer-stable": false,
    "prefer-lowest": false,
    "platform": {
        "php": ">=5.6.0",
        "ext-pdo": ">=1.0.0"
    },
    "platform-dev": [],
    "plugin-api-version": "2.0.0"
}
