{
    "_readme": [
        "This file locks the dependencies of your project to a known state",
        "Read more about it at https://getcomposer.org/doc/01-basic-usage.md#installing-dependencies",
        "This file is @generated automatically"
    ],
    "content-hash": "a05c7684175d018083155d5cadce41fa",
    "packages": [
        {
            "name": "mongdch/mon-util",
            "version": "1.4.8",
            "dist": {
                "type": "zip",
                "url": "https://mirrors.tencent.com/repository/composer/mongdch/mon-util/1.4.8/mongdch-mon-util-1.4.8.zip",
                "reference": "c123d98a3a1043e501387fd9904e98887f196e1c",
                "shasum": ""
            },
            "require": {
                "php": ">=5.6.0",
                "psr/container": "1.0.0"
            },
            "type": "library",
            "autoload": {
                "files": [
                    "src/helpers.php"
                ],
                "psr-4": {
                    "mon\\util\\": "src/"
                }
            },
            "license": [
                "Apache-2.0"
            ],
            "authors": [
                {
                    "name": "Mon",
                    "email": "985558837@qq.com",
                    "homepage": "http://www.gdmon.com/",
                    "role": "Developer"
                }
            ],
            "description": "常用的PHP工具类库，包含了各种各式各样的工具，如：容器、时间、验证器、多语言、图片处理、二维码生成、IP地址解析、文件操作、数据安全、数据字典等等等等。。。",
            "homepage": "http://gdmon.com/",
            "keywords": [
                "mon",
                "tool",
                "util"
            ],
            "time": "2023-11-22T07:04:42+00:00"
        },
        {
            "name": "psr/container",
            "version": "1.0.0",
            "dist": {
                "type": "zip",
                "url": "https://mirrors.tencent.com/repository/composer/psr/container/1.0.0/psr-container-1.0.0.zip",
                "reference": "b7ce3b176482dbbc1245ebf52b181af44c2cf55f",
                "shasum": ""
            },
            "require": {
                "php": ">=5.3.0"
            },
            "type": "library",
            "extra": {
                "branch-alias": {
                    "dev-master": "1.0.x-dev"
                }
            },
            "autoload": {
                "psr-4": {
                    "Psr\\Container\\": "src/"
                }
            },
            "license": [
                "MIT"
            ],
            "authors": [
                {
                    "name": "PHP-FIG",
                    "homepage": "http://www.php-fig.org/"
                }
            ],
            "description": "Common Container Interface (PHP FIG PSR-11)",
            "homepage": "https://github.com/php-fig/container",
            "keywords": [
                "PSR-11",
                "container",
                "container-interface",
                "container-interop",
                "psr"
            ],
            "time": "2017-02-14T16:28:37+00:00"
        }
    ],
    "packages-dev": [],
    "aliases": [],
    "minimum-stability": "stable",
    "stability-flags": [],
    "prefer-stable": false,
    "prefer-lowest": false,
    "platform": {
        "php": ">=5.6.0",
        "ext-pdo": ">=1.0.0"
    },
    "platform-dev": [],
    "plugin-api-version": "2.2.0"
}
